<?xml version="1.0" encoding="utf-8"?>
<Project ToolsVersion="4.0" xmlns="http://schemas.microsoft.com/developer/msbuild/2003">
  <ItemGroup>
    <Filter Include="Source Files">
      <UniqueIdentifier>{4FC737F1-C7A5-4376-A066-2A32D752A2FF}</UniqueIdentifier>
      <Extensions>cpp;c;cc;cxx;c++;cppm;ixx;def;odl;idl;hpj;bat;asm;asmx</Extensions>
    </Filter>
    <Filter Include="Header Files">
      <UniqueIdentifier>{93995380-89BD-4b04-88EB-625FBE52EBFB}</UniqueIdentifier>
      <Extensions>h;hh;hpp;hxx;h++;hm;inl;inc;ipp;xsd</Extensions>
    </Filter>
    <Filter Include="Resource Files">
      <UniqueIdentifier>{67DA6AB6-F800-4c08-8B7A-83BB121AAD01}</UniqueIdentifier>
      <Extensions>rc;ico;cur;bmp;dlg;rc2;rct;bin;rgs;gif;jpg;jpeg;jpe;resx;tiff;tif;png;wav;mfcribbon-ms</Extensions>
    </Filter>
    <Filter Include="Resource Files\include">
      <UniqueIdentifier>{e6437aeb-e5b3-436b-8ad0-6548dfa34448}</UniqueIdentifier>
    </Filter>
    <Filter Include="Resource Files\lib">
      <UniqueIdentifier>{2dabc710-bf4d-494f-b0dc-5e786f0b5033}</UniqueIdentifier>
    </Filter>
    <Filter Include="Resource Files\DLL">
      <UniqueIdentifier>{6a5c6ad0-2f84-4813-84c5-af4d4a627e40}</UniqueIdentifier>
    </Filter>
    <Filter Include="Resource Files\include\GL">
      <UniqueIdentifier>{2f651085-9c9a-4fa7-8f82-095bf1e512e5}</UniqueIdentifier>
    </Filter>
    <Filter Include="Resource Files\include\SFML">
      <UniqueIdentifier>{63d2827c-7216-41d3-997e-12abe7488b6e}</UniqueIdentifier>
    </Filter>
    <Filter Include="Resource Files\include\SFML\Audio">
      <UniqueIdentifier>{2d252b6e-0168-4054-bd4b-c5c524ed3257}</UniqueIdentifier>
    </Filter>
    <Filter Include="Resource Files\include\SFML\Network">
      <UniqueIdentifier>{5f1d0058-0f6d-4a6a-8bc4-ea437709f2a5}</UniqueIdentifier>
    </Filter>
    <Filter Include="Resource Files\include\SFML\Graphics">
      <UniqueIdentifier>{bbb76efe-d79e-413c-8252-3b293f7e001a}</UniqueIdentifier>
    </Filter>
    <Filter Include="Resource Files\include\SFML\Window">
      <UniqueIdentifier>{5fa2ae9e-e50e-4028-9250-e812ca3c3cfd}</UniqueIdentifier>
    </Filter>
    <Filter Include="Resource Files\include\SFML\System">
      <UniqueIdentifier>{8d472da1-f978-4e55-96e5-13ce19bacbba}</UniqueIdentifier>
    </Filter>
    <Filter Include="Resource Files\lib\Debug">
      <UniqueIdentifier>{6cefcd66-d3bc-4914-bc45-322f67be51b2}</UniqueIdentifier>
    </Filter>
    <Filter Include="Resource Files\lib\Release">
      <UniqueIdentifier>{9ecd71f6-93cb-4dfd-9a5c-b1f28e34f2ba}</UniqueIdentifier>
    </Filter>
    <Filter Include="Resource Files\DLL\Debug">
      <UniqueIdentifier>{8152bdcf-6554-420c-b1cb-5ea9ed4edd6f}</UniqueIdentifier>
    </Filter>
    <Filter Include="Resource Files\DLL\Release">
      <UniqueIdentifier>{681d10af-807b-4d88-b5d8-878e6d68a2be}</UniqueIdentifier>
    </Filter>
  </ItemGroup>
  <ItemGroup>
    <ClCompile Include="Common.cpp">
      <Filter>Source Files</Filter>
    </ClCompile>
    <ClCompile Include="Main.cpp">
      <Filter>Source Files</Filter>
    </ClCompile>
    <ClCompile Include="Core\Init.cpp">
      <Filter>Source Files</Filter>
    </ClCompile>
    <ClCompile Include="Tools\Animation\Animation.cpp">
      <Filter>Source Files</Filter>
    </ClCompile>
    <ClCompile Include="Tools\Effect\Particle.cpp">
      <Filter>Source Files</Filter>
    </ClCompile>
    <ClCompile Include="Tools\Debug\DebugViewer.cpp">
      <Filter>Source Files</Filter>
    </ClCompile>
    <ClCompile Include="Tools\Debug\Logger.cpp">
      <Filter>Source Files</Filter>
    </ClCompile>
    <ClCompile Include="Tools\Parser\jsoncpp.cpp">
      <Filter>Source Files</Filter>
    </ClCompile>
    <ClCompile Include="Tools\GameData.cpp">
      <Filter>Source Files</Filter>
    </ClCompile>
    <ClCompile Include="Core\Game\Game.cpp">
      <Filter>Source Files</Filter>
    </ClCompile>
    <ClCompile Include="Core\PollEvent.cpp">
      <Filter>Source Files</Filter>
    </ClCompile>
    <ClCompile Include="Core\Menu\Menu.cpp">
      <Filter>Source Files</Filter>
    </ClCompile>
    <ClCompile Include="Tools\Debug\SFMLDebugDraw.cpp">
      <Filter>Source Files</Filter>
    </ClCompile>
    <ClCompile Include="Tools\AssetsManager.cpp">
      <Filter>Source Files</Filter>
    </ClCompile>
    <ClCompile Include="Tools\Miscellaneous\Sprite.cpp">
      <Filter>Source Files</Filter>
    </ClCompile>
    <ClCompile Include="Tools\Miscellaneous\Text.cpp">
      <Filter>Source Files</Filter>
    </ClCompile>
    <ClCompile Include="Tools\Miscellaneous\Vec2.cpp">
      <Filter>Source Files</Filter>
    </ClCompile>
  </ItemGroup>
  <ItemGroup>
    <ClInclude Include="Dependencies\include\GL\freeglut.h">
      <Filter>Resource Files\include\GL</Filter>
    </ClInclude>
    <ClInclude Include="Dependencies\include\GL\freeglut_ext.h">
      <Filter>Resource Files\include\GL</Filter>
    </ClInclude>
    <ClInclude Include="Dependencies\include\GL\freeglut_std.h">
      <Filter>Resource Files\include\GL</Filter>
    </ClInclude>
    <ClInclude Include="Dependencies\include\GL\glew.h">
      <Filter>Resource Files\include\GL</Filter>
    </ClInclude>
    <ClInclude Include="Dependencies\include\GL\glext.h">
      <Filter>Resource Files\include\GL</Filter>
    </ClInclude>
    <ClInclude Include="Dependencies\include\GL\glut.h">
      <Filter>Resource Files\include\GL</Filter>
    </ClInclude>
    <ClInclude Include="Dependencies\include\GL\glxew.h">
      <Filter>Resource Files\include\GL</Filter>
    </ClInclude>
    <ClInclude Include="Dependencies\include\GL\glxext.h">
      <Filter>Resource Files\include\GL</Filter>
    </ClInclude>
    <ClInclude Include="Dependencies\include\GL\wglew.h">
      <Filter>Resource Files\include\GL</Filter>
    </ClInclude>
    <ClInclude Include="Dependencies\include\GL\wglext.h">
      <Filter>Resource Files\include\GL</Filter>
    </ClInclude>
    <ClInclude Include="Dependencies\include\SFML\Audio.hpp">
      <Filter>Resource Files\include\SFML</Filter>
    </ClInclude>
    <ClInclude Include="Dependencies\include\SFML\Config.hpp">
      <Filter>Resource Files\include\SFML</Filter>
    </ClInclude>
    <ClInclude Include="Dependencies\include\SFML\GpuPreference.hpp">
      <Filter>Resource Files\include\SFML</Filter>
    </ClInclude>
    <ClInclude Include="Dependencies\include\SFML\Graphics.hpp">
      <Filter>Resource Files\include\SFML</Filter>
    </ClInclude>
    <ClInclude Include="Dependencies\include\SFML\Main.hpp">
      <Filter>Resource Files\include\SFML</Filter>
    </ClInclude>
    <ClInclude Include="Dependencies\include\SFML\Network.hpp">
      <Filter>Resource Files\include\SFML</Filter>
    </ClInclude>
    <ClInclude Include="Dependencies\include\SFML\OpenGL.hpp">
      <Filter>Resource Files\include\SFML</Filter>
    </ClInclude>
    <ClInclude Include="Dependencies\include\SFML\System.hpp">
      <Filter>Resource Files\include\SFML</Filter>
    </ClInclude>
    <ClInclude Include="Dependencies\include\SFML\Window.hpp">
      <Filter>Resource Files\include\SFML</Filter>
    </ClInclude>
    <ClInclude Include="Dependencies\include\SFML\Audio\AlResource.hpp">
      <Filter>Resource Files\include\SFML\Audio</Filter>
    </ClInclude>
    <ClInclude Include="Dependencies\include\SFML\Audio\Export.hpp">
      <Filter>Resource Files\include\SFML\Audio</Filter>
    </ClInclude>
    <ClInclude Include="Dependencies\include\SFML\Audio\InputSoundFile.hpp">
      <Filter>Resource Files\include\SFML\Audio</Filter>
    </ClInclude>
    <ClInclude Include="Dependencies\include\SFML\Audio\Listener.hpp">
      <Filter>Resource Files\include\SFML\Audio</Filter>
    </ClInclude>
    <ClInclude Include="Dependencies\include\SFML\Audio\Music.hpp">
      <Filter>Resource Files\include\SFML\Audio</Filter>
    </ClInclude>
    <ClInclude Include="Dependencies\include\SFML\Audio\OutputSoundFile.hpp">
      <Filter>Resource Files\include\SFML\Audio</Filter>
    </ClInclude>
    <ClInclude Include="Dependencies\include\SFML\Audio\Sound.hpp">
      <Filter>Resource Files\include\SFML\Audio</Filter>
    </ClInclude>
    <ClInclude Include="Dependencies\include\SFML\Audio\SoundBuffer.hpp">
      <Filter>Resource Files\include\SFML\Audio</Filter>
    </ClInclude>
    <ClInclude Include="Dependencies\include\SFML\Audio\SoundBufferRecorder.hpp">
      <Filter>Resource Files\include\SFML\Audio</Filter>
    </ClInclude>
    <ClInclude Include="Dependencies\include\SFML\Audio\SoundFileFactory.hpp">
      <Filter>Resource Files\include\SFML\Audio</Filter>
    </ClInclude>
    <ClInclude Include="Dependencies\include\SFML\Audio\SoundFileReader.hpp">
      <Filter>Resource Files\include\SFML\Audio</Filter>
    </ClInclude>
    <ClInclude Include="Dependencies\include\SFML\Audio\SoundFileWriter.hpp">
      <Filter>Resource Files\include\SFML\Audio</Filter>
    </ClInclude>
    <ClInclude Include="Dependencies\include\SFML\Audio\SoundRecorder.hpp">
      <Filter>Resource Files\include\SFML\Audio</Filter>
    </ClInclude>
    <ClInclude Include="Dependencies\include\SFML\Audio\SoundSource.hpp">
      <Filter>Resource Files\include\SFML\Audio</Filter>
    </ClInclude>
    <ClInclude Include="Dependencies\include\SFML\Audio\SoundStream.hpp">
      <Filter>Resource Files\include\SFML\Audio</Filter>
    </ClInclude>
    <ClInclude Include="Dependencies\include\SFML\Network\Export.hpp">
      <Filter>Resource Files\include\SFML\Network</Filter>
    </ClInclude>
    <ClInclude Include="Dependencies\include\SFML\Network\Ftp.hpp">
      <Filter>Resource Files\include\SFML\Network</Filter>
    </ClInclude>
    <ClInclude Include="Dependencies\include\SFML\Network\Http.hpp">
      <Filter>Resource Files\include\SFML\Network</Filter>
    </ClInclude>
    <ClInclude Include="Dependencies\include\SFML\Network\IpAddress.hpp">
      <Filter>Resource Files\include\SFML\Network</Filter>
    </ClInclude>
    <ClInclude Include="Dependencies\include\SFML\Network\Packet.hpp">
      <Filter>Resource Files\include\SFML\Network</Filter>
    </ClInclude>
    <ClInclude Include="Dependencies\include\SFML\Network\Socket.hpp">
      <Filter>Resource Files\include\SFML\Network</Filter>
    </ClInclude>
    <ClInclude Include="Dependencies\include\SFML\Network\SocketHandle.hpp">
      <Filter>Resource Files\include\SFML\Network</Filter>
    </ClInclude>
    <ClInclude Include="Dependencies\include\SFML\Network\SocketSelector.hpp">
      <Filter>Resource Files\include\SFML\Network</Filter>
    </ClInclude>
    <ClInclude Include="Dependencies\include\SFML\Network\TcpListener.hpp">
      <Filter>Resource Files\include\SFML\Network</Filter>
    </ClInclude>
    <ClInclude Include="Dependencies\include\SFML\Network\TcpSocket.hpp">
      <Filter>Resource Files\include\SFML\Network</Filter>
    </ClInclude>
    <ClInclude Include="Dependencies\include\SFML\Network\UdpSocket.hpp">
      <Filter>Resource Files\include\SFML\Network</Filter>
    </ClInclude>
    <ClInclude Include="Dependencies\include\SFML\Graphics\BlendMode.hpp">
      <Filter>Resource Files\include\SFML\Graphics</Filter>
    </ClInclude>
    <ClInclude Include="Dependencies\include\SFML\Graphics\CircleShape.hpp">
      <Filter>Resource Files\include\SFML\Graphics</Filter>
    </ClInclude>
    <ClInclude Include="Dependencies\include\SFML\Graphics\Color.hpp">
      <Filter>Resource Files\include\SFML\Graphics</Filter>
    </ClInclude>
    <ClInclude Include="Dependencies\include\SFML\Graphics\ConvexShape.hpp">
      <Filter>Resource Files\include\SFML\Graphics</Filter>
    </ClInclude>
    <ClInclude Include="Dependencies\include\SFML\Graphics\Drawable.hpp">
      <Filter>Resource Files\include\SFML\Graphics</Filter>
    </ClInclude>
    <ClInclude Include="Dependencies\include\SFML\Graphics\Export.hpp">
      <Filter>Resource Files\include\SFML\Graphics</Filter>
    </ClInclude>
    <ClInclude Include="Dependencies\include\SFML\Graphics\Font.hpp">
      <Filter>Resource Files\include\SFML\Graphics</Filter>
    </ClInclude>
    <ClInclude Include="Dependencies\include\SFML\Graphics\Glsl.hpp">
      <Filter>Resource Files\include\SFML\Graphics</Filter>
    </ClInclude>
    <ClInclude Include="Dependencies\include\SFML\Graphics\Glyph.hpp">
      <Filter>Resource Files\include\SFML\Graphics</Filter>
    </ClInclude>
    <ClInclude Include="Dependencies\include\SFML\Graphics\Image.hpp">
      <Filter>Resource Files\include\SFML\Graphics</Filter>
    </ClInclude>
    <ClInclude Include="Dependencies\include\SFML\Graphics\PrimitiveType.hpp">
      <Filter>Resource Files\include\SFML\Graphics</Filter>
    </ClInclude>
    <ClInclude Include="Dependencies\include\SFML\Graphics\Rect.hpp">
      <Filter>Resource Files\include\SFML\Graphics</Filter>
    </ClInclude>
    <ClInclude Include="Dependencies\include\SFML\Graphics\RectangleShape.hpp">
      <Filter>Resource Files\include\SFML\Graphics</Filter>
    </ClInclude>
    <ClInclude Include="Dependencies\include\SFML\Graphics\RenderStates.hpp">
      <Filter>Resource Files\include\SFML\Graphics</Filter>
    </ClInclude>
    <ClInclude Include="Dependencies\include\SFML\Graphics\RenderTarget.hpp">
      <Filter>Resource Files\include\SFML\Graphics</Filter>
    </ClInclude>
    <ClInclude Include="Dependencies\include\SFML\Graphics\RenderTexture.hpp">
      <Filter>Resource Files\include\SFML\Graphics</Filter>
    </ClInclude>
    <ClInclude Include="Dependencies\include\SFML\Graphics\RenderWindow.hpp">
      <Filter>Resource Files\include\SFML\Graphics</Filter>
    </ClInclude>
    <ClInclude Include="Dependencies\include\SFML\Graphics\Shader.hpp">
      <Filter>Resource Files\include\SFML\Graphics</Filter>
    </ClInclude>
    <ClInclude Include="Dependencies\include\SFML\Graphics\Shape.hpp">
      <Filter>Resource Files\include\SFML\Graphics</Filter>
    </ClInclude>
    <ClInclude Include="Dependencies\include\SFML\Graphics\Sprite.hpp">
      <Filter>Resource Files\include\SFML\Graphics</Filter>
    </ClInclude>
    <ClInclude Include="Dependencies\include\SFML\Graphics\Text.hpp">
      <Filter>Resource Files\include\SFML\Graphics</Filter>
    </ClInclude>
    <ClInclude Include="Dependencies\include\SFML\Graphics\Texture.hpp">
      <Filter>Resource Files\include\SFML\Graphics</Filter>
    </ClInclude>
    <ClInclude Include="Dependencies\include\SFML\Graphics\Transform.hpp">
      <Filter>Resource Files\include\SFML\Graphics</Filter>
    </ClInclude>
    <ClInclude Include="Dependencies\include\SFML\Graphics\Transformable.hpp">
      <Filter>Resource Files\include\SFML\Graphics</Filter>
    </ClInclude>
    <ClInclude Include="Dependencies\include\SFML\Graphics\Vertex.hpp">
      <Filter>Resource Files\include\SFML\Graphics</Filter>
    </ClInclude>
    <ClInclude Include="Dependencies\include\SFML\Graphics\VertexArray.hpp">
      <Filter>Resource Files\include\SFML\Graphics</Filter>
    </ClInclude>
    <ClInclude Include="Dependencies\include\SFML\Graphics\VertexBuffer.hpp">
      <Filter>Resource Files\include\SFML\Graphics</Filter>
    </ClInclude>
    <ClInclude Include="Dependencies\include\SFML\Graphics\View.hpp">
      <Filter>Resource Files\include\SFML\Graphics</Filter>
    </ClInclude>
    <ClInclude Include="Dependencies\include\SFML\System\Clock.hpp">
      <Filter>Resource Files\include\SFML\System</Filter>
    </ClInclude>
    <ClInclude Include="Dependencies\include\SFML\System\Err.hpp">
      <Filter>Resource Files\include\SFML\System</Filter>
    </ClInclude>
    <ClInclude Include="Dependencies\include\SFML\System\Export.hpp">
      <Filter>Resource Files\include\SFML\System</Filter>
    </ClInclude>
    <ClInclude Include="Dependencies\include\SFML\System\FileInputStream.hpp">
      <Filter>Resource Files\include\SFML\System</Filter>
    </ClInclude>
    <ClInclude Include="Dependencies\include\SFML\System\InputStream.hpp">
      <Filter>Resource Files\include\SFML\System</Filter>
    </ClInclude>
    <ClInclude Include="Dependencies\include\SFML\System\Lock.hpp">
      <Filter>Resource Files\include\SFML\System</Filter>
    </ClInclude>
    <ClInclude Include="Dependencies\include\SFML\System\MemoryInputStream.hpp">
      <Filter>Resource Files\include\SFML\System</Filter>
    </ClInclude>
    <ClInclude Include="Dependencies\include\SFML\System\Mutex.hpp">
      <Filter>Resource Files\include\SFML\System</Filter>
    </ClInclude>
    <ClInclude Include="Dependencies\include\SFML\System\NativeActivity.hpp">
      <Filter>Resource Files\include\SFML\System</Filter>
    </ClInclude>
    <ClInclude Include="Dependencies\include\SFML\System\NonCopyable.hpp">
      <Filter>Resource Files\include\SFML\System</Filter>
    </ClInclude>
    <ClInclude Include="Dependencies\include\SFML\System\Sleep.hpp">
      <Filter>Resource Files\include\SFML\System</Filter>
    </ClInclude>
    <ClInclude Include="Dependencies\include\SFML\System\String.hpp">
      <Filter>Resource Files\include\SFML\System</Filter>
    </ClInclude>
    <ClInclude Include="Dependencies\include\SFML\System\Thread.hpp">
      <Filter>Resource Files\include\SFML\System</Filter>
    </ClInclude>
    <ClInclude Include="Dependencies\include\SFML\System\ThreadLocal.hpp">
      <Filter>Resource Files\include\SFML\System</Filter>
    </ClInclude>
    <ClInclude Include="Dependencies\include\SFML\System\ThreadLocalPtr.hpp">
      <Filter>Resource Files\include\SFML\System</Filter>
    </ClInclude>
    <ClInclude Include="Dependencies\include\SFML\System\Time.hpp">
      <Filter>Resource Files\include\SFML\System</Filter>
    </ClInclude>
    <ClInclude Include="Dependencies\include\SFML\System\Utf.hpp">
      <Filter>Resource Files\include\SFML\System</Filter>
    </ClInclude>
    <ClInclude Include="Dependencies\include\SFML\System\Vector2.hpp">
      <Filter>Resource Files\include\SFML\System</Filter>
    </ClInclude>
    <ClInclude Include="Dependencies\include\SFML\System\Vector3.hpp">
      <Filter>Resource Files\include\SFML\System</Filter>
    </ClInclude>
    <ClInclude Include="Dependencies\include\SFML\Window\Clipboard.hpp">
      <Filter>Resource Files\include\SFML\Window</Filter>
    </ClInclude>
    <ClInclude Include="Dependencies\include\SFML\Window\Context.hpp">
      <Filter>Resource Files\include\SFML\Window</Filter>
    </ClInclude>
    <ClInclude Include="Dependencies\include\SFML\Window\ContextSettings.hpp">
      <Filter>Resource Files\include\SFML\Window</Filter>
    </ClInclude>
    <ClInclude Include="Dependencies\include\SFML\Window\Cursor.hpp">
      <Filter>Resource Files\include\SFML\Window</Filter>
    </ClInclude>
    <ClInclude Include="Dependencies\include\SFML\Window\Event.hpp">
      <Filter>Resource Files\include\SFML\Window</Filter>
    </ClInclude>
    <ClInclude Include="Dependencies\include\SFML\Window\Export.hpp">
      <Filter>Resource Files\include\SFML\Window</Filter>
    </ClInclude>
    <ClInclude Include="Dependencies\include\SFML\Window\GlResource.hpp">
      <Filter>Resource Files\include\SFML\Window</Filter>
    </ClInclude>
    <ClInclude Include="Dependencies\include\SFML\Window\Joystick.hpp">
      <Filter>Resource Files\include\SFML\Window</Filter>
    </ClInclude>
    <ClInclude Include="Dependencies\include\SFML\Window\Keyboard.hpp">
      <Filter>Resource Files\include\SFML\Window</Filter>
    </ClInclude>
    <ClInclude Include="Dependencies\include\SFML\Window\Mouse.hpp">
      <Filter>Resource Files\include\SFML\Window</Filter>
    </ClInclude>
    <ClInclude Include="Dependencies\include\SFML\Window\Sensor.hpp">
      <Filter>Resource Files\include\SFML\Window</Filter>
    </ClInclude>
    <ClInclude Include="Dependencies\include\SFML\Window\Touch.hpp">
      <Filter>Resource Files\include\SFML\Window</Filter>
    </ClInclude>
    <ClInclude Include="Dependencies\include\SFML\Window\VideoMode.hpp">
      <Filter>Resource Files\include\SFML\Window</Filter>
    </ClInclude>
    <ClInclude Include="Dependencies\include\SFML\Window\Window.hpp">
      <Filter>Resource Files\include\SFML\Window</Filter>
    </ClInclude>
    <ClInclude Include="Dependencies\include\SFML\Window\WindowHandle.hpp">
      <Filter>Resource Files\include\SFML\Window</Filter>
    </ClInclude>
    <ClInclude Include="Dependencies\include\SFML\Window\WindowStyle.hpp">
      <Filter>Resource Files\include\SFML\Window</Filter>
    </ClInclude>
    <ClInclude Include="Common.hpp">
      <Filter>Header Files</Filter>
    </ClInclude>
    <ClInclude Include="Core\Init.h">
      <Filter>Header Files</Filter>
    </ClInclude>
    <ClInclude Include="Tools\Animation\Animation.hpp">
      <Filter>Header Files</Filter>
    </ClInclude>
    <ClInclude Include="Tools\Effect\Particle.hpp">
      <Filter>Header Files</Filter>
    </ClInclude>
    <ClInclude Include="Tools\Debug\Logger.h">
      <Filter>Header Files</Filter>
    </ClInclude>
    <ClInclude Include="Tools\Debug\DebugViewer.h">
      <Filter>Header Files</Filter>
    </ClInclude>
    <ClInclude Include="Tools\Scene.hpp">
      <Filter>Header Files</Filter>
    </ClInclude>
    <ClInclude Include="Tools\GameData.hpp">
      <Filter>Header Files</Filter>
    </ClInclude>
    <ClInclude Include="Core\Game\Game.h">
      <Filter>Header Files</Filter>
    </ClInclude>
    <ClInclude Include="Core\PollEvent.h">
      <Filter>Header Files</Filter>
    </ClInclude>
    <ClInclude Include="Core\Menu\Menu.h">
      <Filter>Header Files</Filter>
    </ClInclude>
    <ClInclude Include="Tools\Debug\SFMLDebugDraw.h">
      <Filter>Header Files</Filter>
    </ClInclude>
    <ClInclude Include="Tools\AssetsManager.hpp">
      <Filter>Header Files</Filter>
    </ClInclude>
    <ClInclude Include="Tools\Miscellaneous\Sprite.hpp">
      <Filter>Header Files</Filter>
    </ClInclude>
    <ClInclude Include="Tools\Miscellaneous\Text.hpp">
      <Filter>Header Files</Filter>
    </ClInclude>
    <ClInclude Include="Tools\Miscellaneous\Vec2.hpp">
      <Filter>Header Files</Filter>
    </ClInclude>
  </ItemGroup>
  <ItemGroup>
    <None Include="Dependencies\include\SFML\Audio\SoundFileFactory.inl">
      <Filter>Resource Files\include\SFML\Audio</Filter>
    </None>
    <None Include="Dependencies\include\SFML\Graphics\Glsl.inl">
      <Filter>Resource Files\include\SFML\Graphics</Filter>
    </None>
    <None Include="Dependencies\include\SFML\Graphics\Rect.inl">
      <Filter>Resource Files\include\SFML\Graphics</Filter>
    </None>
    <None Include="Dependencies\include\SFML\System\String.inl">
      <Filter>Resource Files\include\SFML\System</Filter>
    </None>
    <None Include="Dependencies\include\SFML\System\Thread.inl">
      <Filter>Resource Files\include\SFML\System</Filter>
    </None>
    <None Include="Dependencies\include\SFML\System\ThreadLocalPtr.inl">
      <Filter>Resource Files\include\SFML\System</Filter>
    </None>
    <None Include="Dependencies\include\SFML\System\Utf.inl">
      <Filter>Resource Files\include\SFML\System</Filter>
    </None>
    <None Include="Dependencies\include\SFML\System\Vector2.inl">
      <Filter>Resource Files\include\SFML\System</Filter>
    </None>
    <None Include="Dependencies\include\SFML\System\Vector3.inl">
      <Filter>Resource Files\include\SFML\System</Filter>
    </None>
    <None Include="Dependencies\DLL\x64\Debug\openal32.dll">
      <Filter>Resource Files\DLL\Debug</Filter>
    </None>
    <None Include="Dependencies\DLL\x64\Debug\sfml-audio-d-2.dll">
      <Filter>Resource Files\DLL\Debug</Filter>
    </None>
    <None Include="Dependencies\DLL\x64\Debug\sfml-graphics-d-2.dll">
      <Filter>Resource Files\DLL\Debug</Filter>
    </None>
    <None Include="Dependencies\DLL\x64\Debug\sfml-network-d-2.dll">
      <Filter>Resource Files\DLL\Debug</Filter>
    </None>
    <None Include="Dependencies\DLL\x64\Debug\sfml-system-d-2.dll">
      <Filter>Resource Files\DLL\Debug</Filter>
    </None>
    <None Include="Dependencies\DLL\x64\Debug\sfml-window-d-2.dll">
      <Filter>Resource Files\DLL\Debug</Filter>
    </None>
    <None Include="Dependencies\DLL\x64\Release\glew64.dll">
      <Filter>Resource Files\DLL\Release</Filter>
    </None>
    <None Include="Dependencies\DLL\x64\Release\openal32.dll">
      <Filter>Resource Files\DLL\Release</Filter>
    </None>
    <None Include="Dependencies\DLL\x64\Release\sfml-audio-2.dll">
      <Filter>Resource Files\DLL\Release</Filter>
    </None>
    <None Include="Dependencies\DLL\x64\Release\sfml-graphics-2.dll">
      <Filter>Resource Files\DLL\Release</Filter>
    </None>
    <None Include="Dependencies\DLL\x64\Release\sfml-network-2.dll">
      <Filter>Resource Files\DLL\Release</Filter>
    </None>
    <None Include="Dependencies\DLL\x64\Release\sfml-system-2.dll">
      <Filter>Resource Files\DLL\Release</Filter>
    </None>
    <None Include="Dependencies\DLL\x64\Release\sfml-window-2.dll">
      <Filter>Resource Files\DLL\Release</Filter>
    </None>
    <None Include="..\x64\Debug\config.ini" />
  </ItemGroup>
  <ItemGroup>
    <Library Include="Dependencies\lib\Debug\freeglut.lib">
      <Filter>Resource Files\lib\Debug</Filter>
    </Library>
    <Library Include="Dependencies\lib\Debug\glew64.lib">
      <Filter>Resource Files\lib\Debug</Filter>
    </Library>
    <Library Include="Dependencies\lib\Debug\sfml-audio-d.lib">
      <Filter>Resource Files\lib\Debug</Filter>
    </Library>
    <Library Include="Dependencies\lib\Debug\sfml-graphics-d.lib">
      <Filter>Resource Files\lib\Debug</Filter>
    </Library>
    <Library Include="Dependencies\lib\Debug\sfml-main-d.lib">
      <Filter>Resource Files\lib\Debug</Filter>
    </Library>
    <Library Include="Dependencies\lib\Debug\sfml-network-d.lib">
      <Filter>Resource Files\lib\Debug</Filter>
    </Library>
    <Library Include="Dependencies\lib\Debug\sfml-system-d.lib">
      <Filter>Resource Files\lib\Debug</Filter>
    </Library>
    <Library Include="Dependencies\lib\Debug\sfml-window-d.lib">
      <Filter>Resource Files\lib\Debug</Filter>
    </Library>
    <Library Include="Dependencies\lib\Release\freeglut.lib">
      <Filter>Resource Files\lib\Release</Filter>
    </Library>
    <Library Include="Dependencies\lib\Release\glew64.lib">
      <Filter>Resource Files\lib\Release</Filter>
    </Library>
    <Library Include="Dependencies\lib\Release\sfml-audio.lib">
      <Filter>Resource Files\lib\Release</Filter>
    </Library>
    <Library Include="Dependencies\lib\Release\sfml-graphics.lib">
      <Filter>Resource Files\lib\Release</Filter>
    </Library>
    <Library Include="Dependencies\lib\Release\sfml-main.lib">
      <Filter>Resource Files\lib\Release</Filter>
    </Library>
    <Library Include="Dependencies\lib\Release\sfml-network.lib">
      <Filter>Resource Files\lib\Release</Filter>
    </Library>
    <Library Include="Dependencies\lib\Release\sfml-system.lib">
      <Filter>Resource Files\lib\Release</Filter>
    </Library>
    <Library Include="Dependencies\lib\Release\sfml-window.lib">
      <Filter>Resource Files\lib\Release</Filter>
    </Library>
  </ItemGroup>
</Project>